
Microsoft Visual Studio Solution File, Format Version 12.00
# Visual Studio 14
VisualStudioVersion = 14.0.24720.0
MinimumVisualStudioVersion = 10.0.40219.1
Project("{FAE04EC0-301F-11D3-BF4B-00C04F79EFBC}") = "01-DefineAnInterfaceIPerson", "01-DefineAnInterfaceIPerson\01-DefineAnInterfaceIPerson.csproj", "{F114BA2B-E47F-4902-B0E8-930650328372}"
EndProject
Project("{FAE04EC0-301F-11D3-BF4B-00C04F79EFBC}") = "02-MultipleImplementation", "02-MultipleImplementation\02-MultipleImplementation.csproj", "{7464B35E-FDBF-4CCF-97DA-692BEFEF3B98}"
EndProject
Project("{FAE04EC0-301F-11D3-BF4B-00C04F79EFBC}") = "03-Ferrari", "03-Ferrari\03-Ferrari.csproj", "{0EFD7F9E-B31B-4B4B-B3FD-FE809BB39167}"
EndProject
Project("{FAE04EC0-301F-11D3-BF4B-00C04F79EFBC}") = "04-Telephony", "04-Telephony\04-Telephony.csproj", "{CA37232C-7968-4617-8757-9F60F7A9D45B}"
EndProject
Project("{FAE04EC0-301F-11D3-BF4B-00C04F79EFBC}") = "05-BorderControl", "05-BorderControl\05-BorderControl.csproj", "{5934C0A6-FC0A-4AE0-83B1-FEB0AD5CA9DA}"
EndProject
Project("{FAE04EC0-301F-11D3-BF4B-00C04F79EFBC}") = "06-BirthdayCelebrations", "06-BirthdayCelebrations\06-BirthdayCelebrations.csproj", "{E839DE65-30F0-43C8-AEF8-E9168973B8F1}"
EndProject
Project("{FAE04EC0-301F-11D3-BF4B-00C04F79EFBC}") = "07-FoodShortage", "07-FoodShortage\07-FoodShortage.csproj", "{096B9F16-EC52-4197-9A97-28035C3BDEA2}"
EndProject
Project("{FAE04EC0-301F-11D3-BF4B-00C04F79EFBC}") = "08-MilitaryElite", "08-MilitaryElite\08-MilitaryElite.csproj", "{61196245-42FE-4AD7-A5BB-B3B4E814256D}"
EndProject
Project("{FAE04EC0-301F-11D3-BF4B-00C04F79EFBC}") = "09-CollectionHierarchy", "09-CollectionHierarchy\09-CollectionHierarchy.csproj", "{06DA368A-2107-4791-9A53-95D5D2575E39}"
EndProject
Project("{FAE04EC0-301F-11D3-BF4B-00C04F79EFBC}") = "10-ExplicitInterfaces", "10-ExplicitInterfaces\10-ExplicitInterfaces.csproj", "{868FD831-9948-4BE7-A33C-E01612F4E7D3}"
EndProject
Global
	GlobalSection(SolutionConfigurationPlatforms) = preSolution
		Debug|Any CPU = Debug|Any CPU
		Release|Any CPU = Release|Any CPU
	EndGlobalSection
	GlobalSection(ProjectConfigurationPlatforms) = postSolution
		{F114BA2B-E47F-4902-B0E8-930650328372}.Debug|Any CPU.ActiveCfg = Debug|Any CPU
		{F114BA2B-E47F-4902-B0E8-930650328372}.Debug|Any CPU.Build.0 = Debug|Any CPU
		{F114BA2B-E47F-4902-B0E8-930650328372}.Release|Any CPU.ActiveCfg = Release|Any CPU
		{F114BA2B-E47F-4902-B0E8-930650328372}.Release|Any CPU.Build.0 = Release|Any CPU
		{7464B35E-FDBF-4CCF-97DA-692BEFEF3B98}.Debug|Any CPU.ActiveCfg = Debug|Any CPU
		{7464B35E-FDBF-4CCF-97DA-692BEFEF3B98}.Debug|Any CPU.Build.0 = Debug|Any CPU
		{7464B35E-FDBF-4CCF-97DA-692BEFEF3B98}.Release|Any CPU.ActiveCfg = Release|Any CPU
		{7464B35E-FDBF-4CCF-97DA-692BEFEF3B98}.Release|Any CPU.Build.0 = Release|Any CPU
		{0EFD7F9E-B31B-4B4B-B3FD-FE809BB39167}.Debug|Any CPU.ActiveCfg = Debug|Any CPU
		{0EFD7F9E-B31B-4B4B-B3FD-FE809BB39167}.Debug|Any CPU.Build.0 = Debug|Any CPU
		{0EFD7F9E-B31B-4B4B-B3FD-FE809BB39167}.Release|Any CPU.ActiveCfg = Release|Any CPU
		{0EFD7F9E-B31B-4B4B-B3FD-FE809BB39167}.Release|Any CPU.Build.0 = Release|Any CPU
		{CA37232C-7968-4617-8757-9F60F7A9D45B}.Debug|Any CPU.ActiveCfg = Debug|Any CPU
		{CA37232C-7968-4617-8757-9F60F7A9D45B}.Debug|Any CPU.Build.0 = Debug|Any CPU
		{CA37232C-7968-4617-8757-9F60F7A9D45B}.Release|Any CPU.ActiveCfg = Release|Any CPU
		{CA37232C-7968-4617-8757-9F60F7A9D45B}.Release|Any CPU.Build.0 = Release|Any CPU
		{5934C0A6-FC0A-4AE0-83B1-FEB0AD5CA9DA}.Debug|Any CPU.ActiveCfg = Debug|Any CPU
		{5934C0A6-FC0A-4AE0-83B1-FEB0AD5CA9DA}.Debug|Any CPU.Build.0 = Debug|Any CPU
		{5934C0A6-FC0A-4AE0-83B1-FEB0AD5CA9DA}.Release|Any CPU.ActiveCfg = Release|Any CPU
		{5934C0A6-FC0A-4AE0-83B1-FEB0AD5CA9DA}.Release|Any CPU.Build.0 = Release|Any CPU
		{E839DE65-30F0-43C8-AEF8-E9168973B8F1}.Debug|Any CPU.ActiveCfg = Debug|Any CPU
		{E839DE65-30F0-43C8-AEF8-E9168973B8F1}.Debug|Any CPU.Build.0 = Debug|Any CPU
		{E839DE65-30F0-43C8-AEF8-E9168973B8F1}.Release|Any CPU.ActiveCfg = Release|Any CPU
		{E839DE65-30F0-43C8-AEF8-E9168973B8F1}.Release|Any CPU.Build.0 = Release|Any CPU
		{096B9F16-EC52-4197-9A97-28035C3BDEA2}.Debug|Any CPU.ActiveCfg = Debug|Any CPU
		{096B9F16-EC52-4197-9A97-28035C3BDEA2}.Debug|Any CPU.Build.0 = Debug|Any CPU
		{096B9F16-EC52-4197-9A97-28035C3BDEA2}.Release|Any CPU.ActiveCfg = Release|Any CPU
		{096B9F16-EC52-4197-9A97-28035C3BDEA2}.Release|Any CPU.Build.0 = Release|Any CPU
		{61196245-42FE-4AD7-A5BB-B3B4E814256D}.Debug|Any CPU.ActiveCfg = Debug|Any CPU
		{61196245-42FE-4AD7-A5BB-B3B4E814256D}.Debug|Any CPU.Build.0 = Debug|Any CPU
		{61196245-42FE-4AD7-A5BB-B3B4E814256D}.Release|Any CPU.ActiveCfg = Release|Any CPU
		{61196245-42FE-4AD7-A5BB-B3B4E814256D}.Release|Any CPU.Build.0 = Release|Any CPU
		{06DA368A-2107-4791-9A53-95D5D2575E39}.Debug|Any CPU.ActiveCfg = Debug|Any CPU
		{06DA368A-2107-4791-9A53-95D5D2575E39}.Debug|Any CPU.Build.0 = Debug|Any CPU
		{06DA368A-2107-4791-9A53-95D5D2575E39}.Release|Any CPU.ActiveCfg = Release|Any CPU
		{06DA368A-2107-4791-9A53-95D5D2575E39}.Release|Any CPU.Build.0 = Release|Any CPU
		{868FD831-9948-4BE7-A33C-E01612F4E7D3}.Debug|Any CPU.ActiveCfg = Debug|Any CPU
		{868FD831-9948-4BE7-A33C-E01612F4E7D3}.Debug|Any CPU.Build.0 = Debug|Any CPU
		{868FD831-9948-4BE7-A33C-E01612F4E7D3}.Release|Any CPU.ActiveCfg = Release|Any CPU
		{868FD831-9948-4BE7-A33C-E01612F4E7D3}.Release|Any CPU.Build.0 = Release|Any CPU
	EndGlobalSection
	GlobalSection(SolutionProperties) = preSolution
		HideSolutionNode = FALSE
	EndGlobalSection
EndGlobal
